
Microsoft Visual Studio Solution File, Format Version 12.00
# Visual Studio Version 16
VisualStudioVersion = 16.0.31205.134
MinimumVisualStudioVersion = 10.0.40219.1
Project("{9A19103F-16F7-4668-BE54-9A1E7A4F7556}") = "Lab2", "Lab2.csproj", "{F2382AB1-5FDE-4933-BDF2-38BBA795B4D8}"
EndProject
Project("{FAE04EC0-301F-11D3-BF4B-00C04F79EFBC}") = "TestsLab6", "..\TestsLab6\TestsLab6.csproj", "{A02E3EE7-8C64-456A-BE07-7C304E6151FE}"
EndProject
Global
	GlobalSection(SolutionConfigurationPlatforms) = preSolution
		Debug|Any CPU = Debug|Any CPU
		Release|Any CPU = Release|Any CPU
	EndGlobalSection
	GlobalSection(ProjectConfigurationPlatforms) = postSolution
		{F2382AB1-5FDE-4933-BDF2-38BBA795B4D8}.Debug|Any CPU.ActiveCfg = Debug|Any CPU
		{F2382AB1-5FDE-4933-BDF2-38BBA795B4D8}.Debug|Any CPU.Build.0 = Debug|Any CPU
		{F2382AB1-5FDE-4933-BDF2-38BBA795B4D8}.Release|Any CPU.ActiveCfg = Release|Any CPU
		{F2382AB1-5FDE-4933-BDF2-38BBA795B4D8}.Release|Any CPU.Build.0 = Release|Any CPU
		{A02E3EE7-8C64-456A-BE07-7C304E6151FE}.Debug|Any CPU.ActiveCfg = Debug|Any CPU
		{A02E3EE7-8C64-456A-BE07-7C304E6151FE}.Debug|Any CPU.Build.0 = Debug|Any CPU
		{A02E3EE7-8C64-456A-BE07-7C304E6151FE}.Release|Any CPU.ActiveCfg = Release|Any CPU
		{A02E3EE7-8C64-456A-BE07-7C304E6151FE}.Release|Any CPU.Build.0 = Release|Any CPU
	EndGlobalSection
	GlobalSection(SolutionProperties) = preSolution
		HideSolutionNode = FALSE
	EndGlobalSection
	GlobalSection(ExtensibilityGlobals) = postSolution
		SolutionGuid = {2F3A7353-ACD4-43D4-A4CB-4A94DB91B06B}
	EndGlobalSection
EndGlobal
